
Microsoft Visual Studio Solution File, Format Version 12.00
# Visual Studio Version 17
VisualStudioVersion = 17.4.33110.190
MinimumVisualStudioVersion = 10.0.40219.1
Project("{E53339B2-1760-4266-BCC7-CA923CBCF16C}") = "docker-compose", "docker-compose.dcproj", "{AFDC9B14-B3F8-4859-91ED-1D1C47B924E2}"
EndProject
Project("{9A19103F-16F7-4668-BE54-9A1E7A4F7556}") = "Issue.Tests", "Issue.Tests\Issue.Tests.csproj", "{5B96F36F-883D-4B4A-9D2C-461A0BACAAEC}"
EndProject
Global
	GlobalSection(SolutionConfigurationPlatforms) = preSolution
		Debug|Any CPU = Debug|Any CPU
		Release|Any CPU = Release|Any CPU
	EndGlobalSection
	GlobalSection(ProjectConfigurationPlatforms) = postSolution
		{AFDC9B14-B3F8-4859-91ED-1D1C47B924E2}.Debug|Any CPU.ActiveCfg = Debug|Any CPU
		{AFDC9B14-B3F8-4859-91ED-1D1C47B924E2}.Debug|Any CPU.Build.0 = Debug|Any CPU
		{AFDC9B14-B3F8-4859-91ED-1D1C47B924E2}.Release|Any CPU.ActiveCfg = Release|Any CPU
		{AFDC9B14-B3F8-4859-91ED-1D1C47B924E2}.Release|Any CPU.Build.0 = Release|Any CPU
		{5B96F36F-883D-4B4A-9D2C-461A0BACAAEC}.Debug|Any CPU.ActiveCfg = Debug|Any CPU
		{5B96F36F-883D-4B4A-9D2C-461A0BACAAEC}.Debug|Any CPU.Build.0 = Debug|Any CPU
		{5B96F36F-883D-4B4A-9D2C-461A0BACAAEC}.Release|Any CPU.ActiveCfg = Release|Any CPU
		{5B96F36F-883D-4B4A-9D2C-461A0BACAAEC}.Release|Any CPU.Build.0 = Release|Any CPU
	EndGlobalSection
	GlobalSection(SolutionProperties) = preSolution
		HideSolutionNode = FALSE
	EndGlobalSection
	GlobalSection(ExtensibilityGlobals) = postSolution
		SolutionGuid = {C4216686-A33A-4A17-A9DC-BF1126662346}
	EndGlobalSection
EndGlobal
